
Microsoft Visual Studio Solution File, Format Version 12.00
# Visual Studio Version 16
VisualStudioVersion = 16.0.29709.97
MinimumVisualStudioVersion = 10.0.40219.1
Project("{2150E333-8FDC-42A3-9474-1A3956D46DE8}") = "src", "src", "{DFBBE4F8-8EA7-417A-9DBC-792EF755D8C0}"
EndProject
Project("{2150E333-8FDC-42A3-9474-1A3956D46DE8}") = "tests", "tests", "{0E6C597B-A764-4361-98E8-5E2D94C9C91A}"
EndProject
Project("{2150E333-8FDC-42A3-9474-1A3956D46DE8}") = "Web.API", "Web.API", "{5D83E3DE-3FF3-447E-97C9-7108FA401468}"
EndProject
Project("{2150E333-8FDC-42A3-9474-1A3956D46DE8}") = "Web.Client", "Web.Client", "{84ABC087-D8F6-4EA9-9880-1BA0A88048FC}"
EndProject
Project("{9A19103F-16F7-4668-BE54-9A1E7A4F7556}") = "MysMusic.Core", "MysMusic.Core\MysMusic.Core.csproj", "{91425DA0-6436-49FD-A556-E0567350EEC7}"
EndProject
Project("{9A19103F-16F7-4668-BE54-9A1E7A4F7556}") = "MyMusic.Services", "MyMusic.Services\MyMusic.Services.csproj", "{5FE5D6E3-2C37-4CCB-A36A-50532C545DE1}"
EndProject
Project("{9A19103F-16F7-4668-BE54-9A1E7A4F7556}") = "MyMusic.Data", "MyMusic.Data\MyMusic.Data.csproj", "{4BDD9F50-4F00-4C12-A952-994D705B7EC4}"
EndProject
Project("{9A19103F-16F7-4668-BE54-9A1E7A4F7556}") = "MyMusic.Data.MongoDB", "MyMusic.Data.MongoDB\MyMusic.Data.MongoDB.csproj", "{97E707F8-2947-4656-A2C1-2ACE66C33855}"
EndProject
Project("{9A19103F-16F7-4668-BE54-9A1E7A4F7556}") = "MyMusic.API", "MyMusic.API\MyMusic.API.csproj", "{8E7C761A-7CB4-468B-9638-1B35F80903C1}"
EndProject
Project("{FAE04EC0-301F-11D3-BF4B-00C04F79EFBC}") = "MyMusicMVC", "MyMusicMVC\MyMusicMVC.csproj", "{ECB5061B-5B83-446A-9F63-E30006D83129}"
EndProject
Global
	GlobalSection(SolutionConfigurationPlatforms) = preSolution
		Debug|Any CPU = Debug|Any CPU
		Release|Any CPU = Release|Any CPU
	EndGlobalSection
	GlobalSection(ProjectConfigurationPlatforms) = postSolution
		{91425DA0-6436-49FD-A556-E0567350EEC7}.Debug|Any CPU.ActiveCfg = Debug|Any CPU
		{91425DA0-6436-49FD-A556-E0567350EEC7}.Debug|Any CPU.Build.0 = Debug|Any CPU
		{91425DA0-6436-49FD-A556-E0567350EEC7}.Release|Any CPU.ActiveCfg = Release|Any CPU
		{91425DA0-6436-49FD-A556-E0567350EEC7}.Release|Any CPU.Build.0 = Release|Any CPU
		{5FE5D6E3-2C37-4CCB-A36A-50532C545DE1}.Debug|Any CPU.ActiveCfg = Debug|Any CPU
		{5FE5D6E3-2C37-4CCB-A36A-50532C545DE1}.Debug|Any CPU.Build.0 = Debug|Any CPU
		{5FE5D6E3-2C37-4CCB-A36A-50532C545DE1}.Release|Any CPU.ActiveCfg = Release|Any CPU
		{5FE5D6E3-2C37-4CCB-A36A-50532C545DE1}.Release|Any CPU.Build.0 = Release|Any CPU
		{4BDD9F50-4F00-4C12-A952-994D705B7EC4}.Debug|Any CPU.ActiveCfg = Debug|Any CPU
		{4BDD9F50-4F00-4C12-A952-994D705B7EC4}.Debug|Any CPU.Build.0 = Debug|Any CPU
		{4BDD9F50-4F00-4C12-A952-994D705B7EC4}.Release|Any CPU.ActiveCfg = Release|Any CPU
		{4BDD9F50-4F00-4C12-A952-994D705B7EC4}.Release|Any CPU.Build.0 = Release|Any CPU
		{97E707F8-2947-4656-A2C1-2ACE66C33855}.Debug|Any CPU.ActiveCfg = Debug|Any CPU
		{97E707F8-2947-4656-A2C1-2ACE66C33855}.Debug|Any CPU.Build.0 = Debug|Any CPU
		{97E707F8-2947-4656-A2C1-2ACE66C33855}.Release|Any CPU.ActiveCfg = Release|Any CPU
		{97E707F8-2947-4656-A2C1-2ACE66C33855}.Release|Any CPU.Build.0 = Release|Any CPU
		{8E7C761A-7CB4-468B-9638-1B35F80903C1}.Debug|Any CPU.ActiveCfg = Debug|Any CPU
		{8E7C761A-7CB4-468B-9638-1B35F80903C1}.Debug|Any CPU.Build.0 = Debug|Any CPU
		{8E7C761A-7CB4-468B-9638-1B35F80903C1}.Release|Any CPU.ActiveCfg = Release|Any CPU
		{8E7C761A-7CB4-468B-9638-1B35F80903C1}.Release|Any CPU.Build.0 = Release|Any CPU
		{ECB5061B-5B83-446A-9F63-E30006D83129}.Debug|Any CPU.ActiveCfg = Debug|Any CPU
		{ECB5061B-5B83-446A-9F63-E30006D83129}.Debug|Any CPU.Build.0 = Debug|Any CPU
		{ECB5061B-5B83-446A-9F63-E30006D83129}.Release|Any CPU.ActiveCfg = Release|Any CPU
		{ECB5061B-5B83-446A-9F63-E30006D83129}.Release|Any CPU.Build.0 = Release|Any CPU
	EndGlobalSection
	GlobalSection(SolutionProperties) = preSolution
		HideSolutionNode = FALSE
	EndGlobalSection
	GlobalSection(NestedProjects) = preSolution
		{5D83E3DE-3FF3-447E-97C9-7108FA401468} = {DFBBE4F8-8EA7-417A-9DBC-792EF755D8C0}
		{84ABC087-D8F6-4EA9-9880-1BA0A88048FC} = {DFBBE4F8-8EA7-417A-9DBC-792EF755D8C0}
		{91425DA0-6436-49FD-A556-E0567350EEC7} = {5D83E3DE-3FF3-447E-97C9-7108FA401468}
		{5FE5D6E3-2C37-4CCB-A36A-50532C545DE1} = {5D83E3DE-3FF3-447E-97C9-7108FA401468}
		{4BDD9F50-4F00-4C12-A952-994D705B7EC4} = {5D83E3DE-3FF3-447E-97C9-7108FA401468}
		{97E707F8-2947-4656-A2C1-2ACE66C33855} = {5D83E3DE-3FF3-447E-97C9-7108FA401468}
		{8E7C761A-7CB4-468B-9638-1B35F80903C1} = {5D83E3DE-3FF3-447E-97C9-7108FA401468}
		{ECB5061B-5B83-446A-9F63-E30006D83129} = {84ABC087-D8F6-4EA9-9880-1BA0A88048FC}
	EndGlobalSection
	GlobalSection(ExtensibilityGlobals) = postSolution
		SolutionGuid = {B62F461A-2861-4907-8A57-F2BD12EC9541}
	EndGlobalSection
EndGlobal
